
Microsoft Visual Studio Solution File, Format Version 12.00
# Visual Studio Version 17
VisualStudioVersion = 17.3.32721.290
MinimumVisualStudioVersion = 10.0.40219.1
Project("{2150E333-8FDC-42A3-9474-1A3956D46DE8}") = "src", "src", "{145A0422-F381-43BA-AA12-0133C99BC084}"
EndProject
Project("{2150E333-8FDC-42A3-9474-1A3956D46DE8}") = "tests", "tests", "{7331B72F-D1D3-4C20-99FD-977EFA6DDDC6}"
EndProject
Project("{9A19103F-16F7-4668-BE54-9A1E7A4F7556}") = "FileSystem", "FileSystem\FileSystem.csproj", "{7B563A48-0095-4733-A7AD-0C7E717FE238}"
EndProject
Project("{FAE04EC0-301F-11D3-BF4B-00C04F79EFBC}") = "FileSystem.UnitTest", "FileSystem.UnitTest\FileSystem.UnitTest.csproj", "{7481FF31-4A1D-4CC0-B98F-79D942DA803E}"
EndProject
Project("{FAE04EC0-301F-11D3-BF4B-00C04F79EFBC}") = "FileSystem.IntegrationTest", "FileSystem.IntegrationTest\FileSystem.IntegrationTest.csproj", "{D68AF35B-324A-4C85-9E6D-904BE5B9C6C2}"
EndProject
Project("{FAE04EC0-301F-11D3-BF4B-00C04F79EFBC}") = "FileSystem.Core", "FileSystem.Core\FileSystem.Core.csproj", "{94964876-9322-4225-980A-D70E7006C96A}"
EndProject
Project("{FAE04EC0-301F-11D3-BF4B-00C04F79EFBC}") = "FileSystem.Infrastructure", "FileSystem.Infrastructure\FileSystem.Infrastructure.csproj", "{14226C91-A779-48A2-B696-8572F5EF117C}"
EndProject
Global
	GlobalSection(SolutionConfigurationPlatforms) = preSolution
		Debug|Any CPU = Debug|Any CPU
		Release|Any CPU = Release|Any CPU
	EndGlobalSection
	GlobalSection(ProjectConfigurationPlatforms) = postSolution
		{7B563A48-0095-4733-A7AD-0C7E717FE238}.Debug|Any CPU.ActiveCfg = Debug|Any CPU
		{7B563A48-0095-4733-A7AD-0C7E717FE238}.Debug|Any CPU.Build.0 = Debug|Any CPU
		{7B563A48-0095-4733-A7AD-0C7E717FE238}.Release|Any CPU.ActiveCfg = Release|Any CPU
		{7B563A48-0095-4733-A7AD-0C7E717FE238}.Release|Any CPU.Build.0 = Release|Any CPU
		{7481FF31-4A1D-4CC0-B98F-79D942DA803E}.Debug|Any CPU.ActiveCfg = Debug|Any CPU
		{7481FF31-4A1D-4CC0-B98F-79D942DA803E}.Debug|Any CPU.Build.0 = Debug|Any CPU
		{7481FF31-4A1D-4CC0-B98F-79D942DA803E}.Release|Any CPU.ActiveCfg = Release|Any CPU
		{7481FF31-4A1D-4CC0-B98F-79D942DA803E}.Release|Any CPU.Build.0 = Release|Any CPU
		{D68AF35B-324A-4C85-9E6D-904BE5B9C6C2}.Debug|Any CPU.ActiveCfg = Debug|Any CPU
		{D68AF35B-324A-4C85-9E6D-904BE5B9C6C2}.Debug|Any CPU.Build.0 = Debug|Any CPU
		{D68AF35B-324A-4C85-9E6D-904BE5B9C6C2}.Release|Any CPU.ActiveCfg = Release|Any CPU
		{D68AF35B-324A-4C85-9E6D-904BE5B9C6C2}.Release|Any CPU.Build.0 = Release|Any CPU
		{94964876-9322-4225-980A-D70E7006C96A}.Debug|Any CPU.ActiveCfg = Debug|Any CPU
		{94964876-9322-4225-980A-D70E7006C96A}.Debug|Any CPU.Build.0 = Debug|Any CPU
		{94964876-9322-4225-980A-D70E7006C96A}.Release|Any CPU.ActiveCfg = Release|Any CPU
		{94964876-9322-4225-980A-D70E7006C96A}.Release|Any CPU.Build.0 = Release|Any CPU
		{14226C91-A779-48A2-B696-8572F5EF117C}.Debug|Any CPU.ActiveCfg = Debug|Any CPU
		{14226C91-A779-48A2-B696-8572F5EF117C}.Debug|Any CPU.Build.0 = Debug|Any CPU
		{14226C91-A779-48A2-B696-8572F5EF117C}.Release|Any CPU.ActiveCfg = Release|Any CPU
		{14226C91-A779-48A2-B696-8572F5EF117C}.Release|Any CPU.Build.0 = Release|Any CPU
	EndGlobalSection
	GlobalSection(SolutionProperties) = preSolution
		HideSolutionNode = FALSE
	EndGlobalSection
	GlobalSection(NestedProjects) = preSolution
		{7B563A48-0095-4733-A7AD-0C7E717FE238} = {145A0422-F381-43BA-AA12-0133C99BC084}
		{7481FF31-4A1D-4CC0-B98F-79D942DA803E} = {7331B72F-D1D3-4C20-99FD-977EFA6DDDC6}
		{D68AF35B-324A-4C85-9E6D-904BE5B9C6C2} = {7331B72F-D1D3-4C20-99FD-977EFA6DDDC6}
		{94964876-9322-4225-980A-D70E7006C96A} = {145A0422-F381-43BA-AA12-0133C99BC084}
		{14226C91-A779-48A2-B696-8572F5EF117C} = {145A0422-F381-43BA-AA12-0133C99BC084}
	EndGlobalSection
	GlobalSection(ExtensibilityGlobals) = postSolution
		SolutionGuid = {B520DCBB-E075-4418-90C8-08D8A834D19B}
	EndGlobalSection
EndGlobal
